{
  "requires": true,
  "lockfileVersion": 1,
  "dependencies": {
    "menuspy": {
      "version": "1.3.0",
      "resolved": "https://registry.npmjs.org/menuspy/-/menuspy-1.3.0.tgz",
      "integrity": "sha512-cZD8Ik4gfWzOADiCiGP0l08DQerQfeli82u7NKSP+Br3C6YmpYeZmGlTqmLwQvOIeJVoDnlEdkkz9m133L5CIQ=="
    }
  }
}
